{
  "name": "@nerdwallet/shepherd-migration-js-libs",
  "requires": true,
  "lockfileVersion": 1,
  "dependencies": {
    "detect-indent": {
      "version": "5.0.0",
      "resolved": "https://artifactory.nerdwallet.io/artifactory/api/npm/npm/detect-indent/-/detect-indent-5.0.0.tgz",
      "integrity": "sha1-OHHMCmoALow+Wzz38zYmRnXwa50="
    },
    "semver": {
      "version": "5.5.0",
      "resolved": "https://artifactory.nerdwallet.io/artifactory/api/npm/npm/semver/-/semver-5.5.0.tgz",
      "integrity": "sha1-3Eu8emyp2Rbe5dQ1FvAJK1j3uKs="
    },
    "sort-object-keys": {
      "version": "1.1.2",
      "resolved": "https://artifactory.nerdwallet.io/artifactory/api/npm/npm/sort-object-keys/-/sort-object-keys-1.1.2.tgz",
      "integrity": "sha1-06bEjcKsl+a8lDZ2luA/bQnTeVI="
    },
    "sort-package-json": {
      "version": "1.15.0",
      "resolved": "https://artifactory.nerdwallet.io/artifactory/api/npm/npm/sort-package-json/-/sort-package-json-1.15.0.tgz",
      "integrity": "sha1-PHMsyDEutKoS9uzKsbw96omxHf8=",
      "requires": {
        "detect-indent": "^5.0.0",
        "sort-object-keys": "^1.1.1"
      }
    }
  }
}
